
Microsoft Visual Studio Solution File, Format Version 12.00
# Visual Studio Version 16
VisualStudioVersion = 16.0.29418.71
MinimumVisualStudioVersion = 10.0.40219.1
Project("{FAE04EC0-301F-11D3-BF4B-00C04F79EFBC}") = "10", "10\10.csproj", "{301946C3-86E8-4784-AF14-3F6D1DA2D3F3}"
EndProject
Global
	GlobalSection(SolutionConfigurationPlatforms) = preSolution
		Debug|Any CPU = Debug|Any CPU
		Release|Any CPU = Release|Any CPU
	EndGlobalSection
	GlobalSection(ProjectConfigurationPlatforms) = postSolution
		{301946C3-86E8-4784-AF14-3F6D1DA2D3F3}.Debug|Any CPU.ActiveCfg = Debug|Any CPU
		{301946C3-86E8-4784-AF14-3F6D1DA2D3F3}.Debug|Any CPU.Build.0 = Debug|Any CPU
		{301946C3-86E8-4784-AF14-3F6D1DA2D3F3}.Release|Any CPU.ActiveCfg = Release|Any CPU
		{301946C3-86E8-4784-AF14-3F6D1DA2D3F3}.Release|Any CPU.Build.0 = Release|Any CPU
	EndGlobalSection
	GlobalSection(SolutionProperties) = preSolution
		HideSolutionNode = FALSE
	EndGlobalSection
	GlobalSection(ExtensibilityGlobals) = postSolution
		SolutionGuid = {636A2344-7881-402B-9247-F17386A1D79E}
	EndGlobalSection
EndGlobal
